// !$*UTF8*$!
{
	archiveVersion = 1;
	classes = {
	};
	objectVersion = 51;
	objects = {

/* Begin PBXBuildFile section */
		4673E42A23CB925A009DCB46 /* SearchViewController.swift in Sources */ = {isa = PBXBuildFile; fileRef = 4673E42923CB925A009DCB46 /* SearchViewController.swift */; };
		4673E42C23CB9556009DCB46 /* DetailViewController.swift in Sources */ = {isa = PBXBuildFile; fileRef = 4673E42B23CB9556009DCB46 /* DetailViewController.swift */; };
		46A96A2023CB3B2300D4EFF9 /* AppDelegate.swift in Sources */ = {isa = PBXBuildFile; fileRef = 46A96A1F23CB3B2300D4EFF9 /* AppDelegate.swift */; };
		46A96A2223CB3B2300D4EFF9 /* SceneDelegate.swift in Sources */ = {isa = PBXBuildFile; fileRef = 46A96A2123CB3B2300D4EFF9 /* SceneDelegate.swift */; };
		46A96A2423CB3B2300D4EFF9 /* ViewController.swift in Sources */ = {isa = PBXBuildFile; fileRef = 46A96A2323CB3B2300D4EFF9 /* ViewController.swift */; };
		46A96A2723CB3B2300D4EFF9 /* Main.storyboard in Resources */ = {isa = PBXBuildFile; fileRef = 46A96A2523CB3B2300D4EFF9 /* Main.storyboard */; };
		46A96A2A23CB3B2300D4EFF9 /* OMDB.xcdatamodeld in Sources */ = {isa = PBXBuildFile; fileRef = 46A96A2823CB3B2300D4EFF9 /* OMDB.xcdatamodeld */; };
		46A96A2C23CB3B2500D4EFF9 /* Assets.xcassets in Resources */ = {isa = PBXBuildFile; fileRef = 46A96A2B23CB3B2500D4EFF9 /* Assets.xcassets */; };
		46A96A2F23CB3B2500D4EFF9 /* LaunchScreen.storyboard in Resources */ = {isa = PBXBuildFile; fileRef = 46A96A2D23CB3B2500D4EFF9 /* LaunchScreen.storyboard */; };
		46A96A4023CB3BB100D4EFF9 /* NetworkManagerWrapper.swift in Sources */ = {isa = PBXBuildFile; fileRef = 46A96A3823CB3BB100D4EFF9 /* NetworkManagerWrapper.swift */; };
		46A96A4123CB3BB100D4EFF9 /* ApiCall.swift in Sources */ = {isa = PBXBuildFile; fileRef = 46A96A3923CB3BB100D4EFF9 /* ApiCall.swift */; };
		46A96A4323CB3BB100D4EFF9 /* ResponseObject.swift in Sources */ = {isa = PBXBuildFile; fileRef = 46A96A3B23CB3BB100D4EFF9 /* ResponseObject.swift */; };
		46A96A4423CB3BB100D4EFF9 /* RequestParameter.swift in Sources */ = {isa = PBXBuildFile; fileRef = 46A96A3C23CB3BB100D4EFF9 /* RequestParameter.swift */; };
		46A96A4B23CB3C5C00D4EFF9 /* OMDBViewModel.swift in Sources */ = {isa = PBXBuildFile; fileRef = 46A96A4A23CB3C5C00D4EFF9 /* OMDBViewModel.swift */; };
		46A96A4E23CB401500D4EFF9 /* OMDBCollectionViewCell.swift in Sources */ = {isa = PBXBuildFile; fileRef = 46A96A4C23CB401500D4EFF9 /* OMDBCollectionViewCell.swift */; };
		46A96A4F23CB401500D4EFF9 /* OMDBCollectionViewCell.xib in Resources */ = {isa = PBXBuildFile; fileRef = 46A96A4D23CB401500D4EFF9 /* OMDBCollectionViewCell.xib */; };
		46A96A5123CB408D00D4EFF9 /* OMDBModel.swift in Sources */ = {isa = PBXBuildFile; fileRef = 46A96A5023CB408D00D4EFF9 /* OMDBModel.swift */; };
		CBE26375BD1ED718EA417EC8 /* Pods_OMDB.framework in Frameworks */ = {isa = PBXBuildFile; fileRef = BB1065A3124C1D4E6FBEB1E9 /* Pods_OMDB.framework */; };
/* End PBXBuildFile section */

/* Begin PBXFileReference section */
		4673E42923CB925A009DCB46 /* SearchViewController.swift */ = {isa = PBXFileReference; lastKnownFileType = sourcecode.swift; path = SearchViewController.swift; sourceTree = "<group>"; };
		4673E42B23CB9556009DCB46 /* DetailViewController.swift */ = {isa = PBXFileReference; fileEncoding = 4; lastKnownFileType = sourcecode.swift; path = DetailViewController.swift; sourceTree = "<group>"; };
		46A96A1C23CB3B2300D4EFF9 /* OMDB.app */ = {isa = PBXFileReference; explicitFileType = wrapper.application; includeInIndex = 0; path = OMDB.app; sourceTree = BUILT_PRODUCTS_DIR; };
		46A96A1F23CB3B2300D4EFF9 /* AppDelegate.swift */ = {isa = PBXFileReference; lastKnownFileType = sourcecode.swift; path = AppDelegate.swift; sourceTree = "<group>"; };
		46A96A2123CB3B2300D4EFF9 /* SceneDelegate.swift */ = {isa = PBXFileReference; lastKnownFileType = sourcecode.swift; path = SceneDelegate.swift; sourceTree = "<group>"; };
		46A96A2323CB3B2300D4EFF9 /* ViewController.swift */ = {isa = PBXFileReference; lastKnownFileType = sourcecode.swift; path = ViewController.swift; sourceTree = "<group>"; };
		46A96A2623CB3B2300D4EFF9 /* Base */ = {isa = PBXFileReference; lastKnownFileType = file.storyboard; name = Base; path = Base.lproj/Main.storyboard; sourceTree = "<group>"; };
		46A96A2923CB3B2300D4EFF9 /* OMDB.xcdatamodel */ = {isa = PBXFileReference; lastKnownFileType = wrapper.xcdatamodel; path = OMDB.xcdatamodel; sourceTree = "<group>"; };
		46A96A2B23CB3B2500D4EFF9 /* Assets.xcassets */ = {isa = PBXFileReference; lastKnownFileType = folder.assetcatalog; path = Assets.xcassets; sourceTree = "<group>"; };
		46A96A2E23CB3B2500D4EFF9 /* Base */ = {isa = PBXFileReference; lastKnownFileType = file.storyboard; name = Base; path = Base.lproj/LaunchScreen.storyboard; sourceTree = "<group>"; };
		46A96A3023CB3B2500D4EFF9 /* Info.plist */ = {isa = PBXFileReference; lastKnownFileType = text.plist.xml; path = Info.plist; sourceTree = "<group>"; };
		46A96A3823CB3BB100D4EFF9 /* NetworkManagerWrapper.swift */ = {isa = PBXFileReference; fileEncoding = 4; lastKnownFileType = sourcecode.swift; path = NetworkManagerWrapper.swift; sourceTree = "<group>"; };
		46A96A3923CB3BB100D4EFF9 /* ApiCall.swift */ = {isa = PBXFileReference; fileEncoding = 4; lastKnownFileType = sourcecode.swift; path = ApiCall.swift; sourceTree = "<group>"; };
		46A96A3B23CB3BB100D4EFF9 /* ResponseObject.swift */ = {isa = PBXFileReference; fileEncoding = 4; lastKnownFileType = sourcecode.swift; path = ResponseObject.swift; sourceTree = "<group>"; };
		46A96A3C23CB3BB100D4EFF9 /* RequestParameter.swift */ = {isa = PBXFileReference; fileEncoding = 4; lastKnownFileType = sourcecode.swift; path = RequestParameter.swift; sourceTree = "<group>"; };
		46A96A4A23CB3C5C00D4EFF9 /* OMDBViewModel.swift */ = {isa = PBXFileReference; lastKnownFileType = sourcecode.swift; path = OMDBViewModel.swift; sourceTree = "<group>"; };
		46A96A4C23CB401500D4EFF9 /* OMDBCollectionViewCell.swift */ = {isa = PBXFileReference; lastKnownFileType = sourcecode.swift; path = OMDBCollectionViewCell.swift; sourceTree = "<group>"; };
		46A96A4D23CB401500D4EFF9 /* OMDBCollectionViewCell.xib */ = {isa = PBXFileReference; lastKnownFileType = file.xib; path = OMDBCollectionViewCell.xib; sourceTree = "<group>"; };
		46A96A5023CB408D00D4EFF9 /* OMDBModel.swift */ = {isa = PBXFileReference; lastKnownFileType = sourcecode.swift; path = OMDBModel.swift; sourceTree = "<group>"; };
		761A51A06C6BD4DD1B884B14 /* Pods-OMDB.debug.xcconfig */ = {isa = PBXFileReference; includeInIndex = 1; lastKnownFileType = text.xcconfig; name = "Pods-OMDB.debug.xcconfig"; path = "Target Support Files/Pods-OMDB/Pods-OMDB.debug.xcconfig"; sourceTree = "<group>"; };
		ACAAC780E111C88FE161AAE0 /* Pods-OMDB.release.xcconfig */ = {isa = PBXFileReference; includeInIndex = 1; lastKnownFileType = text.xcconfig; name = "Pods-OMDB.release.xcconfig"; path = "Target Support Files/Pods-OMDB/Pods-OMDB.release.xcconfig"; sourceTree = "<group>"; };
		BB1065A3124C1D4E6FBEB1E9 /* Pods_OMDB.framework */ = {isa = PBXFileReference; explicitFileType = wrapper.framework; includeInIndex = 0; path = Pods_OMDB.framework; sourceTree = BUILT_PRODUCTS_DIR; };
/* End PBXFileReference section */

/* Begin PBXFrameworksBuildPhase section */
		46A96A1923CB3B2300D4EFF9 /* Frameworks */ = {
			isa = PBXFrameworksBuildPhase;
			buildActionMask = 2147483647;
			files = (
				CBE26375BD1ED718EA417EC8 /* Pods_OMDB.framework in Frameworks */,
			);
			runOnlyForDeploymentPostprocessing = 0;
		};
/* End PBXFrameworksBuildPhase section */

/* Begin PBXGroup section */
		46A96A1323CB3B2300D4EFF9 = {
			isa = PBXGroup;
			children = (
				46A96A1E23CB3B2300D4EFF9 /* OMDB */,
				46A96A1D23CB3B2300D4EFF9 /* Products */,
				E5456AA513A6004CA8E4655F /* Pods */,
				5E599D1BC8EDFD38E40FDDEE /* Frameworks */,
			);
			sourceTree = "<group>";
		};
		46A96A1D23CB3B2300D4EFF9 /* Products */ = {
			isa = PBXGroup;
			children = (
				46A96A1C23CB3B2300D4EFF9 /* OMDB.app */,
			);
			name = Products;
			sourceTree = "<group>";
		};
		46A96A1E23CB3B2300D4EFF9 /* OMDB */ = {
			isa = PBXGroup;
			children = (
				46A96A4923CB3C2E00D4EFF9 /* Model */,
				46A96A4823CB3C1300D4EFF9 /* ViewController */,
				46A96A4723CB3C0500D4EFF9 /* CustomViews */,
				46A96A1F23CB3B2300D4EFF9 /* AppDelegate.swift */,
				46A96A2123CB3B2300D4EFF9 /* SceneDelegate.swift */,
				46A96A2523CB3B2300D4EFF9 /* Main.storyboard */,
				46A96A3623CB3BB100D4EFF9 /* Network */,
				46A96A3D23CB3BB100D4EFF9 /* ViewModel */,
				46A96A2B23CB3B2500D4EFF9 /* Assets.xcassets */,
				46A96A2D23CB3B2500D4EFF9 /* LaunchScreen.storyboard */,
				46A96A3023CB3B2500D4EFF9 /* Info.plist */,
				46A96A2823CB3B2300D4EFF9 /* OMDB.xcdatamodeld */,
			);
			path = OMDB;
			sourceTree = "<group>";
		};
		46A96A3623CB3BB100D4EFF9 /* Network */ = {
			isa = PBXGroup;
			children = (
				46A96A3823CB3BB100D4EFF9 /* NetworkManagerWrapper.swift */,
				46A96A3923CB3BB100D4EFF9 /* ApiCall.swift */,
				46A96A3B23CB3BB100D4EFF9 /* ResponseObject.swift */,
				46A96A3C23CB3BB100D4EFF9 /* RequestParameter.swift */,
			);
			path = Network;
			sourceTree = "<group>";
		};
		46A96A3D23CB3BB100D4EFF9 /* ViewModel */ = {
			isa = PBXGroup;
			children = (
				46A96A4A23CB3C5C00D4EFF9 /* OMDBViewModel.swift */,
			);
			path = ViewModel;
			sourceTree = "<group>";
		};
		46A96A4723CB3C0500D4EFF9 /* CustomViews */ = {
			isa = PBXGroup;
			children = (
				46A96A4C23CB401500D4EFF9 /* OMDBCollectionViewCell.swift */,
				46A96A4D23CB401500D4EFF9 /* OMDBCollectionViewCell.xib */,
			);
			path = CustomViews;
			sourceTree = "<group>";
		};
		46A96A4823CB3C1300D4EFF9 /* ViewController */ = {
			isa = PBXGroup;
			children = (
				46A96A2323CB3B2300D4EFF9 /* ViewController.swift */,
				4673E42B23CB9556009DCB46 /* DetailViewController.swift */,
				4673E42923CB925A009DCB46 /* SearchViewController.swift */,
			);
			path = ViewController;
			sourceTree = "<group>";
		};
		46A96A4923CB3C2E00D4EFF9 /* Model */ = {
			isa = PBXGroup;
			children = (
				46A96A5023CB408D00D4EFF9 /* OMDBModel.swift */,
			);
			path = Model;
			sourceTree = "<group>";
		};
		5E599D1BC8EDFD38E40FDDEE /* Frameworks */ = {
			isa = PBXGroup;
			children = (
				BB1065A3124C1D4E6FBEB1E9 /* Pods_OMDB.framework */,
			);
			name = Frameworks;
			sourceTree = "<group>";
		};
		E5456AA513A6004CA8E4655F /* Pods */ = {
			isa = PBXGroup;
			children = (
				761A51A06C6BD4DD1B884B14 /* Pods-OMDB.debug.xcconfig */,
				ACAAC780E111C88FE161AAE0 /* Pods-OMDB.release.xcconfig */,
			);
			path = Pods;
			sourceTree = "<group>";
		};
/* End PBXGroup section */

/* Begin PBXNativeTarget section */
		46A96A1B23CB3B2300D4EFF9 /* OMDB */ = {
			isa = PBXNativeTarget;
			buildConfigurationList = 46A96A3323CB3B2500D4EFF9 /* Build configuration list for PBXNativeTarget "OMDB" */;
			buildPhases = (
				975E16780D55E9D1891A8702 /* [CP] Check Pods Manifest.lock */,
				46A96A1823CB3B2300D4EFF9 /* Sources */,
				46A96A1923CB3B2300D4EFF9 /* Frameworks */,
				46A96A1A23CB3B2300D4EFF9 /* Resources */,
				3E6A02D3085E5F1FFB91D8B0 /* [CP] Embed Pods Frameworks */,
			);
			buildRules = (
			);
			dependencies = (
			);
			name = OMDB;
			productName = OMDB;
			productReference = 46A96A1C23CB3B2300D4EFF9 /* OMDB.app */;
			productType = "com.apple.product-type.application";
		};
/* End PBXNativeTarget section */

/* Begin PBXProject section */
		46A96A1423CB3B2300D4EFF9 /* Project object */ = {
			isa = PBXProject;
			attributes = {
				LastSwiftUpdateCheck = 1130;
				LastUpgradeCheck = 1130;
				ORGANIZATIONNAME = Demo;
				TargetAttributes = {
					46A96A1B23CB3B2300D4EFF9 = {
						CreatedOnToolsVersion = 11.3;
					};
				};
			};
			buildConfigurationList = 46A96A1723CB3B2300D4EFF9 /* Build configuration list for PBXProject "OMDB" */;
			compatibilityVersion = "Xcode 9.3";
			developmentRegion = en;
			hasScannedForEncodings = 0;
			knownRegions = (
				en,
				Base,
			);
			mainGroup = 46A96A1323CB3B2300D4EFF9;
			productRefGroup = 46A96A1D23CB3B2300D4EFF9 /* Products */;
			projectDirPath = "";
			projectRoot = "";
			targets = (
				46A96A1B23CB3B2300D4EFF9 /* OMDB */,
			);
		};
/* End PBXProject section */

/* Begin PBXResourcesBuildPhase section */
		46A96A1A23CB3B2300D4EFF9 /* Resources */ = {
			isa = PBXResourcesBuildPhase;
			buildActionMask = 2147483647;
			files = (
				46A96A4F23CB401500D4EFF9 /* OMDBCollectionViewCell.xib in Resources */,
				46A96A2F23CB3B2500D4EFF9 /* LaunchScreen.storyboard in Resources */,
				46A96A2C23CB3B2500D4EFF9 /* Assets.xcassets in Resources */,
				46A96A2723CB3B2300D4EFF9 /* Main.storyboard in Resources */,
			);
			runOnlyForDeploymentPostprocessing = 0;
		};
/* End PBXResourcesBuildPhase section */

/* Begin PBXShellScriptBuildPhase section */
		3E6A02D3085E5F1FFB91D8B0 /* [CP] Embed Pods Frameworks */ = {
			isa = PBXShellScriptBuildPhase;
			buildActionMask = 2147483647;
			files = (
			);
			inputFileListPaths = (
				"${PODS_ROOT}/Target Support Files/Pods-OMDB/Pods-OMDB-frameworks-${CONFIGURATION}-input-files.xcfilelist",
			);
			name = "[CP] Embed Pods Frameworks";
			outputFileListPaths = (
				"${PODS_ROOT}/Target Support Files/Pods-OMDB/Pods-OMDB-frameworks-${CONFIGURATION}-output-files.xcfilelist",
			);
			runOnlyForDeploymentPostprocessing = 0;
			shellPath = /bin/sh;
			shellScript = "\"${PODS_ROOT}/Target Support Files/Pods-OMDB/Pods-OMDB-frameworks.sh\"\n";
			showEnvVarsInLog = 0;
		};
		975E16780D55E9D1891A8702 /* [CP] Check Pods Manifest.lock */ = {
			isa = PBXShellScriptBuildPhase;
			buildActionMask = 2147483647;
			files = (
			);
			inputFileListPaths = (
			);
			inputPaths = (
				"${PODS_PODFILE_DIR_PATH}/Podfile.lock",
				"${PODS_ROOT}/Manifest.lock",
			);
			name = "[CP] Check Pods Manifest.lock";
			outputFileListPaths = (
			);
			outputPaths = (
				"$(DERIVED_FILE_DIR)/Pods-OMDB-checkManifestLockResult.txt",
			);
			runOnlyForDeploymentPostprocessing = 0;
			shellPath = /bin/sh;
			shellScript = "diff \"${PODS_PODFILE_DIR_PATH}/Podfile.lock\" \"${PODS_ROOT}/Manifest.lock\" > /dev/null\nif [ $? != 0 ] ; then\n    # print error to STDERR\n    echo \"error: The sandbox is not in sync with the Podfile.lock. Run 'pod install' or update your CocoaPods installation.\" >&2\n    exit 1\nfi\n# This output is used by Xcode 'outputs' to avoid re-running this script phase.\necho \"SUCCESS\" > \"${SCRIPT_OUTPUT_FILE_0}\"\n";
			showEnvVarsInLog = 0;
		};
/* End PBXShellScriptBuildPhase section */

/* Begin PBXSourcesBuildPhase section */
		46A96A1823CB3B2300D4EFF9 /* Sources */ = {
			isa = PBXSourcesBuildPhase;
			buildActionMask = 2147483647;
			files = (
				4673E42C23CB9556009DCB46 /* DetailViewController.swift in Sources */,
				46A96A2423CB3B2300D4EFF9 /* ViewController.swift in Sources */,
				46A96A2023CB3B2300D4EFF9 /* AppDelegate.swift in Sources */,
				46A96A2223CB3B2300D4EFF9 /* SceneDelegate.swift in Sources */,
				46A96A4023CB3BB100D4EFF9 /* NetworkManagerWrapper.swift in Sources */,
				46A96A4E23CB401500D4EFF9 /* OMDBCollectionViewCell.swift in Sources */,
				46A96A4323CB3BB100D4EFF9 /* ResponseObject.swift in Sources */,
				46A96A5123CB408D00D4EFF9 /* OMDBModel.swift in Sources */,
				4673E42A23CB925A009DCB46 /* SearchViewController.swift in Sources */,
				46A96A4423CB3BB100D4EFF9 /* RequestParameter.swift in Sources */,
				46A96A4123CB3BB100D4EFF9 /* ApiCall.swift in Sources */,
				46A96A2A23CB3B2300D4EFF9 /* OMDB.xcdatamodeld in Sources */,
				46A96A4B23CB3C5C00D4EFF9 /* OMDBViewModel.swift in Sources */,
			);
			runOnlyForDeploymentPostprocessing = 0;
		};
/* End PBXSourcesBuildPhase section */

/* Begin PBXVariantGroup section */
		46A96A2523CB3B2300D4EFF9 /* Main.storyboard */ = {
			isa = PBXVariantGroup;
			children = (
				46A96A2623CB3B2300D4EFF9 /* Base */,
			);
			name = Main.storyboard;
			sourceTree = "<group>";
		};
		46A96A2D23CB3B2500D4EFF9 /* LaunchScreen.storyboard */ = {
			isa = PBXVariantGroup;
			children = (
				46A96A2E23CB3B2500D4EFF9 /* Base */,
			);
			name = LaunchScreen.storyboard;
			sourceTree = "<group>";
		};
/* End PBXVariantGroup section */

/* Begin XCBuildConfiguration section */
		46A96A3123CB3B2500D4EFF9 /* Debug */ = {
			isa = XCBuildConfiguration;
			buildSettings = {
				ALWAYS_SEARCH_USER_PATHS = NO;
				CLANG_ANALYZER_NONNULL = YES;
				CLANG_ANALYZER_NUMBER_OBJECT_CONVERSION = YES_AGGRESSIVE;
				CLANG_CXX_LANGUAGE_STANDARD = "gnu++14";
				CLANG_CXX_LIBRARY = "libc++";
				CLANG_ENABLE_MODULES = YES;
				CLANG_ENABLE_OBJC_ARC = YES;
				CLANG_ENABLE_OBJC_WEAK = YES;
				CLANG_WARN_BLOCK_CAPTURE_AUTORELEASING = YES;
				CLANG_WARN_BOOL_CONVERSION = YES;
				CLANG_WARN_COMMA = YES;
				CLANG_WARN_CONSTANT_CONVERSION = YES;
				CLANG_WARN_DEPRECATED_OBJC_IMPLEMENTATIONS = YES;
				CLANG_WARN_DIRECT_OBJC_ISA_USAGE = YES_ERROR;
				CLANG_WARN_DOCUMENTATION_COMMENTS = YES;
				CLANG_WARN_EMPTY_BODY = YES;
				CLANG_WARN_ENUM_CONVERSION = YES;
				CLANG_WARN_INFINITE_RECURSION = YES;
				CLANG_WARN_INT_CONVERSION = YES;
				CLANG_WARN_NON_LITERAL_NULL_CONVERSION = YES;
				CLANG_WARN_OBJC_IMPLICIT_RETAIN_SELF = YES;
				CLANG_WARN_OBJC_LITERAL_CONVERSION = YES;
				CLANG_WARN_OBJC_ROOT_CLASS = YES_ERROR;
				CLANG_WARN_RANGE_LOOP_ANALYSIS = YES;
				CLANG_WARN_STRICT_PROTOTYPES = YES;
				CLANG_WARN_SUSPICIOUS_MOVE = YES;
				CLANG_WARN_UNGUARDED_AVAILABILITY = YES_AGGRESSIVE;
				CLANG_WARN_UNREACHABLE_CODE = YES;
				CLANG_WARN__DUPLICATE_METHOD_MATCH = YES;
				COPY_PHASE_STRIP = NO;
				DEBUG_INFORMATION_FORMAT = dwarf;
				ENABLE_STRICT_OBJC_MSGSEND = YES;
				ENABLE_TESTABILITY = YES;
				GCC_C_LANGUAGE_STANDARD = gnu11;
				GCC_DYNAMIC_NO_PIC = NO;
				GCC_NO_COMMON_BLOCKS = YES;
				GCC_OPTIMIZATION_LEVEL = 0;
				GCC_PREPROCESSOR_DEFINITIONS = (
					"DEBUG=1",
					"$(inherited)",
				);
				GCC_WARN_64_TO_32_BIT_CONVERSION = YES;
				GCC_WARN_ABOUT_RETURN_TYPE = YES_ERROR;
				GCC_WARN_UNDECLARED_SELECTOR = YES;
				GCC_WARN_UNINITIALIZED_AUTOS = YES_AGGRESSIVE;
				GCC_WARN_UNUSED_FUNCTION = YES;
				GCC_WARN_UNUSED_VARIABLE = YES;
				IPHONEOS_DEPLOYMENT_TARGET = 13.2;
				MTL_ENABLE_DEBUG_INFO = INCLUDE_SOURCE;
				MTL_FAST_MATH = YES;
				ONLY_ACTIVE_ARCH = YES;
				SDKROOT = iphoneos;
				SWIFT_ACTIVE_COMPILATION_CONDITIONS = DEBUG;
				SWIFT_OPTIMIZATION_LEVEL = "-Onone";
			};
			name = Debug;
		};
		46A96A3223CB3B2500D4EFF9 /* Release */ = {
			isa = XCBuildConfiguration;
			buildSettings = {
				ALWAYS_SEARCH_USER_PATHS = NO;
				CLANG_ANALYZER_NONNULL = YES;
				CLANG_ANALYZER_NUMBER_OBJECT_CONVERSION = YES_AGGRESSIVE;
				CLANG_CXX_LANGUAGE_STANDARD = "gnu++14";
				CLANG_CXX_LIBRARY = "libc++";
				CLANG_ENABLE_MODULES = YES;
				CLANG_ENABLE_OBJC_ARC = YES;
				CLANG_ENABLE_OBJC_WEAK = YES;
				CLANG_WARN_BLOCK_CAPTURE_AUTORELEASING = YES;
				CLANG_WARN_BOOL_CONVERSION = YES;
				CLANG_WARN_COMMA = YES;
				CLANG_WARN_CONSTANT_CONVERSION = YES;
				CLANG_WARN_DEPRECATED_OBJC_IMPLEMENTATIONS = YES;
				CLANG_WARN_DIRECT_OBJC_ISA_USAGE = YES_ERROR;
				CLANG_WARN_DOCUMENTATION_COMMENTS = YES;
				CLANG_WARN_EMPTY_BODY = YES;
				CLANG_WARN_ENUM_CONVERSION = YES;
				CLANG_WARN_INFINITE_RECURSION = YES;
				CLANG_WARN_INT_CONVERSION = YES;
				CLANG_WARN_NON_LITERAL_NULL_CONVERSION = YES;
				CLANG_WARN_OBJC_IMPLICIT_RETAIN_SELF = YES;
				CLANG_WARN_OBJC_LITERAL_CONVERSION = YES;
				CLANG_WARN_OBJC_ROOT_CLASS = YES_ERROR;
				CLANG_WARN_RANGE_LOOP_ANALYSIS = YES;
				CLANG_WARN_STRICT_PROTOTYPES = YES;
				CLANG_WARN_SUSPICIOUS_MOVE = YES;
				CLANG_WARN_UNGUARDED_AVAILABILITY = YES_AGGRESSIVE;
				CLANG_WARN_UNREACHABLE_CODE = YES;
				CLANG_WARN__DUPLICATE_METHOD_MATCH = YES;
				COPY_PHASE_STRIP = NO;
				DEBUG_INFORMATION_FORMAT = "dwarf-with-dsym";
				ENABLE_NS_ASSERTIONS = NO;
				ENABLE_STRICT_OBJC_MSGSEND = YES;
				GCC_C_LANGUAGE_STANDARD = gnu11;
				GCC_NO_COMMON_BLOCKS = YES;
				GCC_WARN_64_TO_32_BIT_CONVERSION = YES;
				GCC_WARN_ABOUT_RETURN_TYPE = YES_ERROR;
				GCC_WARN_UNDECLARED_SELECTOR = YES;
				GCC_WARN_UNINITIALIZED_AUTOS = YES_AGGRESSIVE;
				GCC_WARN_UNUSED_FUNCTION = YES;
				GCC_WARN_UNUSED_VARIABLE = YES;
				IPHONEOS_DEPLOYMENT_TARGET = 13.2;
				MTL_ENABLE_DEBUG_INFO = NO;
				MTL_FAST_MATH = YES;
				SDKROOT = iphoneos;
				SWIFT_COMPILATION_MODE = wholemodule;
				SWIFT_OPTIMIZATION_LEVEL = "-O";
				VALIDATE_PRODUCT = YES;
			};
			name = Release;
		};
		46A96A3423CB3B2500D4EFF9 /* Debug */ = {
			isa = XCBuildConfiguration;
			baseConfigurationReference = 761A51A06C6BD4DD1B884B14 /* Pods-OMDB.debug.xcconfig */;
			buildSettings = {
				ASSETCATALOG_COMPILER_APPICON_NAME = AppIcon;
				CODE_SIGN_STYLE = Automatic;
				INFOPLIST_FILE = OMDB/Info.plist;
				LD_RUNPATH_SEARCH_PATHS = (
					"$(inherited)",
					"@executable_path/Frameworks",
				);
				PRODUCT_BUNDLE_IDENTIFIER = SumitMishra.OMDB;
				PRODUCT_NAME = "$(TARGET_NAME)";
				SWIFT_VERSION = 5.0;
				TARGETED_DEVICE_FAMILY = "1,2";
			};
			name = Debug;
		};
		46A96A3523CB3B2500D4EFF9 /* Release */ = {
			isa = XCBuildConfiguration;
			baseConfigurationReference = ACAAC780E111C88FE161AAE0 /* Pods-OMDB.release.xcconfig */;
			buildSettings = {
				ASSETCATALOG_COMPILER_APPICON_NAME = AppIcon;
				CODE_SIGN_STYLE = Automatic;
				INFOPLIST_FILE = OMDB/Info.plist;
				LD_RUNPATH_SEARCH_PATHS = (
					"$(inherited)",
					"@executable_path/Frameworks",
				);
				PRODUCT_BUNDLE_IDENTIFIER = SumitMishra.OMDB;
				PRODUCT_NAME = "$(TARGET_NAME)";
				SWIFT_VERSION = 5.0;
				TARGETED_DEVICE_FAMILY = "1,2";
			};
			name = Release;
		};
/* End XCBuildConfiguration section */

/* Begin XCConfigurationList section */
		46A96A1723CB3B2300D4EFF9 /* Build configuration list for PBXProject "OMDB" */ = {
			isa = XCConfigurationList;
			buildConfigurations = (
				46A96A3123CB3B2500D4EFF9 /* Debug */,
				46A96A3223CB3B2500D4EFF9 /* Release */,
			);
			defaultConfigurationIsVisible = 0;
			defaultConfigurationName = Release;
		};
		46A96A3323CB3B2500D4EFF9 /* Build configuration list for PBXNativeTarget "OMDB" */ = {
			isa = XCConfigurationList;
			buildConfigurations = (
				46A96A3423CB3B2500D4EFF9 /* Debug */,
				46A96A3523CB3B2500D4EFF9 /* Release */,
			);
			defaultConfigurationIsVisible = 0;
			defaultConfigurationName = Release;
		};
/* End XCConfigurationList section */

/* Begin XCVersionGroup section */
		46A96A2823CB3B2300D4EFF9 /* OMDB.xcdatamodeld */ = {
			isa = XCVersionGroup;
			children = (
				46A96A2923CB3B2300D4EFF9 /* OMDB.xcdatamodel */,
			);
			currentVersion = 46A96A2923CB3B2300D4EFF9 /* OMDB.xcdatamodel */;
			path = OMDB.xcdatamodeld;
			sourceTree = "<group>";
			versionGroupType = wrapper.xcdatamodel;
		};
/* End XCVersionGroup section */
	};
	rootObject = 46A96A1423CB3B2300D4EFF9 /* Project object */;
}
